
Microsoft Visual Studio Solution File, Format Version 12.00
# Visual Studio 15
VisualStudioVersion = 15.0.27130.2020
MinimumVisualStudioVersion = 10.0.40219.1
Project("{9A19103F-16F7-4668-BE54-9A1E7A4F7556}") = "MyFunctionsApp", "MyFunctionsApp\MyFunctionsApp.csproj", "{D8530015-4A3A-40DE-B6A0-60C70A4889F8}"
EndProject
Project("{9A19103F-16F7-4668-BE54-9A1E7A4F7556}") = "MyCommonLibrary", "MyCommonLibrary\MyCommonLibrary.csproj", "{3297278A-2F3B-4799-92CD-53CF25122CCA}"
EndProject
Global
	GlobalSection(SolutionConfigurationPlatforms) = preSolution
		Debug|Any CPU = Debug|Any CPU
		Release|Any CPU = Release|Any CPU
	EndGlobalSection
	GlobalSection(ProjectConfigurationPlatforms) = postSolution
		{D8530015-4A3A-40DE-B6A0-60C70A4889F8}.Debug|Any CPU.ActiveCfg = Debug|Any CPU
		{D8530015-4A3A-40DE-B6A0-60C70A4889F8}.Debug|Any CPU.Build.0 = Debug|Any CPU
		{D8530015-4A3A-40DE-B6A0-60C70A4889F8}.Release|Any CPU.ActiveCfg = Release|Any CPU
		{D8530015-4A3A-40DE-B6A0-60C70A4889F8}.Release|Any CPU.Build.0 = Release|Any CPU
		{3297278A-2F3B-4799-92CD-53CF25122CCA}.Debug|Any CPU.ActiveCfg = Debug|Any CPU
		{3297278A-2F3B-4799-92CD-53CF25122CCA}.Debug|Any CPU.Build.0 = Debug|Any CPU
		{3297278A-2F3B-4799-92CD-53CF25122CCA}.Release|Any CPU.ActiveCfg = Release|Any CPU
		{3297278A-2F3B-4799-92CD-53CF25122CCA}.Release|Any CPU.Build.0 = Release|Any CPU
	EndGlobalSection
	GlobalSection(SolutionProperties) = preSolution
		HideSolutionNode = FALSE
	EndGlobalSection
	GlobalSection(ExtensibilityGlobals) = postSolution
		SolutionGuid = {F708F9CD-AA1A-433C-9821-2A8F9DE136F9}
	EndGlobalSection
EndGlobal
